PODS:
  - keyframes (1.0.0)
  - React (0.43.0-rc.4):
    - React/Core (= 0.43.0-rc.4)
  - React/Core (0.43.0-rc.4):
    - React/cxxreact
    - Yoga (= 0.43.0-rc.4.React)
  - React/cxxreact (0.43.0-rc.4):
    - React/jschelpers
  - React/jschelpers (0.43.0-rc.4)
  - Yoga (0.43.0-rc.4.React)

DEPENDENCIES:
  - keyframes (from `https://github.com/facebookincubator/Keyframes.git`, commit `eaa06f6f015fc2182a21eaee7d764924e83ef7e3`)
  - React (from `../node_modules/react-native`)
  - Yoga (from `../node_modules/react-native/ReactCommon/yoga`)

EXTERNAL SOURCES:
  keyframes:
    :commit: eaa06f6f015fc2182a21eaee7d764924e83ef7e3
    :git: https://github.com/facebookincubator/Keyframes.git
  React:
    :path: "../node_modules/react-native"
  Yoga:
    :path: "../node_modules/react-native/ReactCommon/yoga"

CHECKOUT OPTIONS:
  keyframes:
    :commit: eaa06f6f015fc2182a21eaee7d764924e83ef7e3
    :git: https://github.com/facebookincubator/Keyframes.git

SPEC CHECKSUMS:
  keyframes: 376103d22d3a527490c742438a8ba0881bb9eae1
  React: 23c4f6d61d7b1c9a17e735a5a6a4ec6f81db0cbf
  Yoga: dd8611baf02b29bffcb799822ce474f2f653bed5

PODFILE CHECKSUM: 430b8f15089b039c4958d1df41fb206e8ef25bc5

COCOAPODS: 1.2.0
